
Microsoft Visual Studio Solution File, Format Version 12.00
# Visual Studio Version 16
VisualStudioVersion = 16.0.29424.173
MinimumVisualStudioVersion = 10.0.40219.1
Project("{FAE04EC0-301F-11D3-BF4B-00C04F79EFBC}") = "Reviews", "Reviews\Reviews.csproj", "{EEEF2085-DEEC-4863-9152-3F39828191BE}"
EndProject
Global
	GlobalSection(SolutionConfigurationPlatforms) = preSolution
		Debug|Any CPU = Debug|Any CPU
		Release|Any CPU = Release|Any CPU
	EndGlobalSection
	GlobalSection(ProjectConfigurationPlatforms) = postSolution
		{EEEF2085-DEEC-4863-9152-3F39828191BE}.Debug|Any CPU.ActiveCfg = Debug|Any CPU
		{EEEF2085-DEEC-4863-9152-3F39828191BE}.Debug|Any CPU.Build.0 = Debug|Any CPU
		{EEEF2085-DEEC-4863-9152-3F39828191BE}.Release|Any CPU.ActiveCfg = Release|Any CPU
		{EEEF2085-DEEC-4863-9152-3F39828191BE}.Release|Any CPU.Build.0 = Release|Any CPU
	EndGlobalSection
	GlobalSection(SolutionProperties) = preSolution
		HideSolutionNode = FALSE
	EndGlobalSection
	GlobalSection(ExtensibilityGlobals) = postSolution
		SolutionGuid = {68BB6E71-11CE-46FC-A241-3F4D289016EB}
	EndGlobalSection
EndGlobal
